
Microsoft Visual Studio Solution File, Format Version 9.00
# Visual Studio 2005
Project("{6989167D-11E4-40FE-8C1A-2192A86A7E90}") = "bed_slope", "bed_slope.vfproj", "{6587D2D2-AAEC-44FA-ACA0-D24D956AD40B}"
EndProject
Global
	GlobalSection(SolutionConfigurationPlatforms) = preSolution
		Debug|Win32 = Debug|Win32
		Release|Win32 = Release|Win32
	EndGlobalSection
	GlobalSection(ProjectConfigurationPlatforms) = postSolution
		{6587D2D2-AAEC-44FA-ACA0-D24D956AD40B}.Debug|Win32.ActiveCfg = Debug|Win32
		{6587D2D2-AAEC-44FA-ACA0-D24D956AD40B}.Debug|Win32.Build.0 = Debug|Win32
		{6587D2D2-AAEC-44FA-ACA0-D24D956AD40B}.Release|Win32.ActiveCfg = Release|Win32
		{6587D2D2-AAEC-44FA-ACA0-D24D956AD40B}.Release|Win32.Build.0 = Release|Win32
	EndGlobalSection
	GlobalSection(SolutionProperties) = preSolution
		HideSolutionNode = FALSE
	EndGlobalSection
EndGlobal
