
Microsoft Visual Studio Solution File, Format Version 9.00
# Visual Studio 2005
Project("{6989167D-11E4-40FE-8C1A-2192A86A7E90}") = "boo", "boo.vfproj", "{932B86D0-4776-4748-BC9B-1024E4792B6F}"
EndProject
Global
	GlobalSection(SolutionConfigurationPlatforms) = preSolution
		Debug|Win32 = Debug|Win32
		Release|Win32 = Release|Win32
	EndGlobalSection
	GlobalSection(ProjectConfigurationPlatforms) = postSolution
		{932B86D0-4776-4748-BC9B-1024E4792B6F}.Debug|Win32.ActiveCfg = Debug|Win32
		{932B86D0-4776-4748-BC9B-1024E4792B6F}.Debug|Win32.Build.0 = Debug|Win32
		{932B86D0-4776-4748-BC9B-1024E4792B6F}.Release|Win32.ActiveCfg = Release|Win32
		{932B86D0-4776-4748-BC9B-1024E4792B6F}.Release|Win32.Build.0 = Release|Win32
	EndGlobalSection
	GlobalSection(SolutionProperties) = preSolution
		HideSolutionNode = FALSE
	EndGlobalSection
EndGlobal
