
Microsoft Visual Studio Solution File, Format Version 9.00
# Visual Studio 2005
Project("{6989167D-11E4-40FE-8C1A-2192A86A7E90}") = "test_where", "test_where.vfproj", "{F92D6DEC-E8F3-4BA6-990A-19ADEF3B6C89}"
EndProject
Global
	GlobalSection(SolutionConfigurationPlatforms) = preSolution
		Debug|Win32 = Debug|Win32
		Release|Win32 = Release|Win32
	EndGlobalSection
	GlobalSection(ProjectConfigurationPlatforms) = postSolution
		{F92D6DEC-E8F3-4BA6-990A-19ADEF3B6C89}.Debug|Win32.ActiveCfg = Debug|Win32
		{F92D6DEC-E8F3-4BA6-990A-19ADEF3B6C89}.Debug|Win32.Build.0 = Debug|Win32
		{F92D6DEC-E8F3-4BA6-990A-19ADEF3B6C89}.Release|Win32.ActiveCfg = Release|Win32
		{F92D6DEC-E8F3-4BA6-990A-19ADEF3B6C89}.Release|Win32.Build.0 = Release|Win32
	EndGlobalSection
	GlobalSection(SolutionProperties) = preSolution
		HideSolutionNode = FALSE
	EndGlobalSection
EndGlobal
